
Microsoft Visual Studio Solution File, Format Version 12.00
# Visual Studio 15
VisualStudioVersion = 15.0.28307.106
MinimumVisualStudioVersion = 10.0.40219.1
Project("{8BC9CEB8-8B4A-11D0-8D11-00A0C91BC942}") = "Gomoku", "Gomoku\Gomoku.vcxproj", "{72134D3B-AAF8-49B0-BAFE-F19E82ECE15C}"
EndProject
Project("{8BC9CEB8-8B4A-11D0-8D11-00A0C91BC942}") = "BeatTheGuesser", "BeatTheGuesser\BeatTheGuesser.vcxproj", "{F15FB963-4125-4453-AB0B-A99A252F5B59}"
EndProject
Project("{8BC9CEB8-8B4A-11D0-8D11-00A0C91BC942}") = "Sort Shooter", "SortShooter\SortShip.vcxproj", "{7C554083-62A1-4013-94D1-BDED90AD7EA5}"
EndProject
Global
	GlobalSection(SolutionConfigurationPlatforms) = preSolution
		Debug|x64 = Debug|x64
		Debug|x86 = Debug|x86
		Release|x64 = Release|x64
		Release|x86 = Release|x86
	EndGlobalSection
	GlobalSection(ProjectConfigurationPlatforms) = postSolution
		{72134D3B-AAF8-49B0-BAFE-F19E82ECE15C}.Debug|x64.ActiveCfg = Debug|x64
		{72134D3B-AAF8-49B0-BAFE-F19E82ECE15C}.Debug|x64.Build.0 = Debug|x64
		{72134D3B-AAF8-49B0-BAFE-F19E82ECE15C}.Debug|x86.ActiveCfg = Debug|Win32
		{72134D3B-AAF8-49B0-BAFE-F19E82ECE15C}.Debug|x86.Build.0 = Debug|Win32
		{72134D3B-AAF8-49B0-BAFE-F19E82ECE15C}.Release|x64.ActiveCfg = Release|x64
		{72134D3B-AAF8-49B0-BAFE-F19E82ECE15C}.Release|x64.Build.0 = Release|x64
		{72134D3B-AAF8-49B0-BAFE-F19E82ECE15C}.Release|x86.ActiveCfg = Release|Win32
		{72134D3B-AAF8-49B0-BAFE-F19E82ECE15C}.Release|x86.Build.0 = Release|Win32
		{F15FB963-4125-4453-AB0B-A99A252F5B59}.Debug|x64.ActiveCfg = Debug|x64
		{F15FB963-4125-4453-AB0B-A99A252F5B59}.Debug|x64.Build.0 = Debug|x64
		{F15FB963-4125-4453-AB0B-A99A252F5B59}.Debug|x86.ActiveCfg = Debug|Win32
		{F15FB963-4125-4453-AB0B-A99A252F5B59}.Debug|x86.Build.0 = Debug|Win32
		{F15FB963-4125-4453-AB0B-A99A252F5B59}.Release|x64.ActiveCfg = Release|x64
		{F15FB963-4125-4453-AB0B-A99A252F5B59}.Release|x64.Build.0 = Release|x64
		{F15FB963-4125-4453-AB0B-A99A252F5B59}.Release|x86.ActiveCfg = Release|Win32
		{F15FB963-4125-4453-AB0B-A99A252F5B59}.Release|x86.Build.0 = Release|Win32
		{7C554083-62A1-4013-94D1-BDED90AD7EA5}.Debug|x64.ActiveCfg = Debug|x64
		{7C554083-62A1-4013-94D1-BDED90AD7EA5}.Debug|x64.Build.0 = Debug|x64
		{7C554083-62A1-4013-94D1-BDED90AD7EA5}.Debug|x86.ActiveCfg = Debug|Win32
		{7C554083-62A1-4013-94D1-BDED90AD7EA5}.Debug|x86.Build.0 = Debug|Win32
		{7C554083-62A1-4013-94D1-BDED90AD7EA5}.Release|x64.ActiveCfg = Release|x64
		{7C554083-62A1-4013-94D1-BDED90AD7EA5}.Release|x64.Build.0 = Release|x64
		{7C554083-62A1-4013-94D1-BDED90AD7EA5}.Release|x86.ActiveCfg = Release|Win32
		{7C554083-62A1-4013-94D1-BDED90AD7EA5}.Release|x86.Build.0 = Release|Win32
	EndGlobalSection
	GlobalSection(SolutionProperties) = preSolution
		HideSolutionNode = FALSE
	EndGlobalSection
	GlobalSection(ExtensibilityGlobals) = postSolution
		SolutionGuid = {551D3189-F25E-473E-8122-EA4D1273B43B}
	EndGlobalSection
EndGlobal
